// !$*UTF8*$!
{
	archiveVersion = 1;
	classes = {
	};
	objectVersion = 46;
	objects = {

/* Begin PBXGroup section */
		AB581FC91C7E882000CBA909 = {
			isa = PBXGroup;
			children = (
			);
			sourceTree = "<group>";
		};
/* End PBXGroup section */

/* Begin PBXProject section */
		AB581FCA1C7E882000CBA909 /* Project object */ = {
			isa = PBXProject;
			attributes = {
				LastUpgradeCheck = 0720;
			};
			buildConfigurationList = AB581FCD1C7E882000CBA909 /* Build configuration list for PBXProject "Twitter_Bot" */;
			compatibilityVersion = "Xcode 3.2";
			developmentRegion = English;
			hasScannedForEncodings = 0;
			knownRegions = (
				en,
			);
			mainGroup = AB581FC91C7E882000CBA909;
			projectDirPath = "";
			projectRoot = "";
			targets = (
			);
		};
/* End PBXProject section */

/* Begin XCBuildConfiguration section */
		AB581FCE1C7E882000CBA909 /* Debug */ = {
			isa = XCBuildConfiguration;
			buildSettings = {
			};
			name = Debug;
		};
		AB581FCF1C7E882000CBA909 /* Release */ = {
			isa = XCBuildConfiguration;
			buildSettings = {
			};
			name = Release;
		};
/* End XCBuildConfiguration section */

/* Begin XCConfigurationList section */
		AB581FCD1C7E882000CBA909 /* Build configuration list for PBXProject "Twitter_Bot" */ = {
			isa = XCConfigurationList;
			buildConfigurations = (
				AB581FCE1C7E882000CBA909 /* Debug */,
				AB581FCF1C7E882000CBA909 /* Release */,
			);
			defaultConfigurationIsVisible = 0;
			defaultConfigurationName = Release;
		};
/* End XCConfigurationList section */
	};
	rootObject = AB581FCA1C7E882000CBA909 /* Project object */;
}
